// !$*UTF8*$!
{
	archiveVersion = 1;
	classes = {
	};
	objectVersion = 56;
	objects = {

/* Begin PBXBuildFile section */
		B0C1308B2C51917400C88800 /* UnlockTreeBuilder.swift in Sources */ = {isa = PBXBuildFile; fileRef = B0C1308A2C51917400C88800 /* UnlockTreeBuilder.swift */; };
		B0C130E32C54203500C88800 /* UnlockCardView.swift in Sources */ = {isa = PBXBuildFile; fileRef = B0C130E22C54203500C88800 /* UnlockCardView.swift */; };
		B0C130E52C5426D000C88800 /* UnlockSelectionBackgroundView.swift in Sources */ = {isa = PBXBuildFile; fileRef = B0C130E42C5426D000C88800 /* UnlockSelectionBackgroundView.swift */; };
		B0C130E72C542B5000C88800 /* PreviewUnlockDelegate.swift in Sources */ = {isa = PBXBuildFile; fileRef = B0C130E62C542B5000C88800 /* PreviewUnlockDelegate.swift */; };
		B0C41B2B2C4814B300F1E09F /* LevelView.swift in Sources */ = {isa = PBXBuildFile; fileRef = B0C41B2A2C4814B300F1E09F /* LevelView.swift */; };
		B0C41B2D2C4815D100F1E09F /* LevelViewModel.swift in Sources */ = {isa = PBXBuildFile; fileRef = B0C41B2C2C4815D100F1E09F /* LevelViewModel.swift */; };
		B0C41B2F2C481AB400F1E09F /* PlayerManager.swift in Sources */ = {isa = PBXBuildFile; fileRef = B0C41B2E2C481AB400F1E09F /* PlayerManager.swift */; };
		B0C41B312C48452900F1E09F /* EquationPartView.swift in Sources */ = {isa = PBXBuildFile; fileRef = B0C41B302C48452900F1E09F /* EquationPartView.swift */; };
		B0C41B332C484D0F00F1E09F /* EquationSideView.swift in Sources */ = {isa = PBXBuildFile; fileRef = B0C41B322C484D0F00F1E09F /* EquationSideView.swift */; };
		B0C41B352C4858A700F1E09F /* OperatorView.swift in Sources */ = {isa = PBXBuildFile; fileRef = B0C41B342C4858A700F1E09F /* OperatorView.swift */; };
		B0C41B372C487E0600F1E09F /* AnswerOptions.swift in Sources */ = {isa = PBXBuildFile; fileRef = B0C41B362C487E0600F1E09F /* AnswerOptions.swift */; };
		B0D796BF2C4EDE4D00630156 /* UnlockSelectionView.swift in Sources */ = {isa = PBXBuildFile; fileRef = B0D796BE2C4EDE4D00630156 /* UnlockSelectionView.swift */; };
		B0D796E92C4FEC1100630156 /* GameViewModel.swift in Sources */ = {isa = PBXBuildFile; fileRef = B0D796E82C4FEC1100630156 /* GameViewModel.swift */; };
		B0D796EB2C4FEC8A00630156 /* UnlockSelectionViewModel.swift in Sources */ = {isa = PBXBuildFile; fileRef = B0D796EA2C4FEC8A00630156 /* UnlockSelectionViewModel.swift */; };
		B0D796ED2C500FC600630156 /* PreviewPlayerSelectionDelegate.swift in Sources */ = {isa = PBXBuildFile; fileRef = B0D796EC2C500FC600630156 /* PreviewPlayerSelectionDelegate.swift */; };
		B0D796EF2C500FF800630156 /* PreviewLevelDelegate.swift in Sources */ = {isa = PBXBuildFile; fileRef = B0D796EE2C500FF800630156 /* PreviewLevelDelegate.swift */; };
		B0FBAC882C41C3EE002FFFBA /* MathForMerlApp.swift in Sources */ = {isa = PBXBuildFile; fileRef = B0FBAC872C41C3EE002FFFBA /* MathForMerlApp.swift */; };
		B0FBAC8A2C41C3EE002FFFBA /* GameView.swift in Sources */ = {isa = PBXBuildFile; fileRef = B0FBAC892C41C3EE002FFFBA /* GameView.swift */; };
		B0FBAC8C2C41C3F0002FFFBA /* Assets.xcassets in Resources */ = {isa = PBXBuildFile; fileRef = B0FBAC8B2C41C3F0002FFFBA /* Assets.xcassets */; };
		B0FBAC8F2C41C3F0002FFFBA /* Preview Assets.xcassets in Resources */ = {isa = PBXBuildFile; fileRef = B0FBAC8E2C41C3F0002FFFBA /* Preview Assets.xcassets */; };
		B0FBAC992C41C3F1002FFFBA /* MathForMerlTests.swift in Sources */ = {isa = PBXBuildFile; fileRef = B0FBAC982C41C3F1002FFFBA /* MathForMerlTests.swift */; };
		B0FBACA32C41C3F1002FFFBA /* MathForMerlUITests.swift in Sources */ = {isa = PBXBuildFile; fileRef = B0FBACA22C41C3F1002FFFBA /* MathForMerlUITests.swift */; };
		B0FBACA52C41C3F1002FFFBA /* MathForMerlUITestsLaunchTests.swift in Sources */ = {isa = PBXBuildFile; fileRef = B0FBACA42C41C3F1002FFFBA /* MathForMerlUITestsLaunchTests.swift */; };
		B0FBAD052C46EE4F002FFFBA /* EquationView.swift in Sources */ = {isa = PBXBuildFile; fileRef = B0FBAD042C46EE4F002FFFBA /* EquationView.swift */; };
		B0FBAD072C46EF75002FFFBA /* LevelBarView.swift in Sources */ = {isa = PBXBuildFile; fileRef = B0FBAD062C46EF75002FFFBA /* LevelBarView.swift */; };
		B0FBAD092C46F025002FFFBA /* AnswerOptionsView.swift in Sources */ = {isa = PBXBuildFile; fileRef = B0FBAD082C46F025002FFFBA /* AnswerOptionsView.swift */; };
		B0FBAD0B2C46F05D002FFFBA /* TermView.swift in Sources */ = {isa = PBXBuildFile; fileRef = B0FBAD0A2C46F05D002FFFBA /* TermView.swift */; };
		B0FBAD122C46F38D002FFFBA /* Level.swift in Sources */ = {isa = PBXBuildFile; fileRef = B0FBAD112C46F38D002FFFBA /* Level.swift */; };
		B0FBAD142C46F3A4002FFFBA /* Equation.swift in Sources */ = {isa = PBXBuildFile; fileRef = B0FBAD132C46F3A4002FFFBA /* Equation.swift */; };
		B0FBAD162C46F565002FFFBA /* Player.swift in Sources */ = {isa = PBXBuildFile; fileRef = B0FBAD152C46F565002FFFBA /* Player.swift */; };
		B0FBAD182C46F7C1002FFFBA /* EquationPart.swift in Sources */ = {isa = PBXBuildFile; fileRef = B0FBAD172C46F7C1002FFFBA /* EquationPart.swift */; };
		B0FBAD1C2C46F81B002FFFBA /* EquationOperator.swift in Sources */ = {isa = PBXBuildFile; fileRef = B0FBAD1B2C46F81B002FFFBA /* EquationOperator.swift */; };
		B0FBAD1E2C46FA6B002FFFBA /* EquationSide.swift in Sources */ = {isa = PBXBuildFile; fileRef = B0FBAD1D2C46FA6B002FFFBA /* EquationSide.swift */; };
		B0FBAD202C46FEAB002FFFBA /* LevelBuilder.swift in Sources */ = {isa = PBXBuildFile; fileRef = B0FBAD1F2C46FEAB002FFFBA /* LevelBuilder.swift */; };
		B0FBAD232C472CB8002FFFBA /* UnlockBranchProtocol.swift in Sources */ = {isa = PBXBuildFile; fileRef = B0FBAD222C472CB8002FFFBA /* UnlockBranchProtocol.swift */; };
		B0FBAD272C472E3D002FFFBA /* UnlockTree.swift in Sources */ = {isa = PBXBuildFile; fileRef = B0FBAD262C472E3D002FFFBA /* UnlockTree.swift */; };
		B0FBAD292C472E77002FFFBA /* UnlockBranchTermCount.swift in Sources */ = {isa = PBXBuildFile; fileRef = B0FBAD282C472E77002FFFBA /* UnlockBranchTermCount.swift */; };
		B0FBAD2B2C472F8C002FFFBA /* LevelConfiguration.swift in Sources */ = {isa = PBXBuildFile; fileRef = B0FBAD2A2C472F8C002FFFBA /* LevelConfiguration.swift */; };
		B0FBAD2E2C4805AC002FFFBA /* PlayerSelectionViewModel.swift in Sources */ = {isa = PBXBuildFile; fileRef = B0FBAD2D2C4805AC002FFFBA /* PlayerSelectionViewModel.swift */; };
		B0FBAD302C4806AF002FFFBA /* PlayerSelectionView.swift in Sources */ = {isa = PBXBuildFile; fileRef = B0FBAD2F2C4806AF002FFFBA /* PlayerSelectionView.swift */; };
		B0FBAD322C480B35002FFFBA /* PlayerCardView.swift in Sources */ = {isa = PBXBuildFile; fileRef = B0FBAD312C480B35002FFFBA /* PlayerCardView.swift */; };
		B0FBAD352C480E9B002FFFBA /* PreviewExampleBuilder.swift in Sources */ = {isa = PBXBuildFile; fileRef = B0FBAD342C480E9B002FFFBA /* PreviewExampleBuilder.swift */; };
/* End PBXBuildFile section */

/* Begin PBXContainerItemProxy section */
		B0FBAC952C41C3F1002FFFBA /* PBXContainerItemProxy */ = {
			isa = PBXContainerItemProxy;
			containerPortal = B0FBAC7C2C41C3EE002FFFBA /* Project object */;
			proxyType = 1;
			remoteGlobalIDString = B0FBAC832C41C3EE002FFFBA;
			remoteInfo = MathForMerl;
		};
		B0FBAC9F2C41C3F1002FFFBA /* PBXContainerItemProxy */ = {
			isa = PBXContainerItemProxy;
			containerPortal = B0FBAC7C2C41C3EE002FFFBA /* Project object */;
			proxyType = 1;
			remoteGlobalIDString = B0FBAC832C41C3EE002FFFBA;
			remoteInfo = MathForMerl;
		};
/* End PBXContainerItemProxy section */

/* Begin PBXFileReference section */
		B0C1308A2C51917400C88800 /* UnlockTreeBuilder.swift */ = {isa = PBXFileReference; lastKnownFileType = sourcecode.swift; path = UnlockTreeBuilder.swift; sourceTree = "<group>"; };
		B0C130E22C54203500C88800 /* UnlockCardView.swift */ = {isa = PBXFileReference; lastKnownFileType = sourcecode.swift; path = UnlockCardView.swift; sourceTree = "<group>"; };
		B0C130E42C5426D000C88800 /* UnlockSelectionBackgroundView.swift */ = {isa = PBXFileReference; lastKnownFileType = sourcecode.swift; path = UnlockSelectionBackgroundView.swift; sourceTree = "<group>"; };
		B0C130E62C542B5000C88800 /* PreviewUnlockDelegate.swift */ = {isa = PBXFileReference; lastKnownFileType = sourcecode.swift; path = PreviewUnlockDelegate.swift; sourceTree = "<group>"; };
		B0C41B2A2C4814B300F1E09F /* LevelView.swift */ = {isa = PBXFileReference; lastKnownFileType = sourcecode.swift; path = LevelView.swift; sourceTree = "<group>"; };
		B0C41B2C2C4815D100F1E09F /* LevelViewModel.swift */ = {isa = PBXFileReference; lastKnownFileType = sourcecode.swift; path = LevelViewModel.swift; sourceTree = "<group>"; };
		B0C41B2E2C481AB400F1E09F /* PlayerManager.swift */ = {isa = PBXFileReference; lastKnownFileType = sourcecode.swift; path = PlayerManager.swift; sourceTree = "<group>"; };
		B0C41B302C48452900F1E09F /* EquationPartView.swift */ = {isa = PBXFileReference; lastKnownFileType = sourcecode.swift; path = EquationPartView.swift; sourceTree = "<group>"; };
		B0C41B322C484D0F00F1E09F /* EquationSideView.swift */ = {isa = PBXFileReference; lastKnownFileType = sourcecode.swift; path = EquationSideView.swift; sourceTree = "<group>"; };
		B0C41B342C4858A700F1E09F /* OperatorView.swift */ = {isa = PBXFileReference; lastKnownFileType = sourcecode.swift; path = OperatorView.swift; sourceTree = "<group>"; };
		B0C41B362C487E0600F1E09F /* AnswerOptions.swift */ = {isa = PBXFileReference; lastKnownFileType = sourcecode.swift; path = AnswerOptions.swift; sourceTree = "<group>"; };
		B0D796BE2C4EDE4D00630156 /* UnlockSelectionView.swift */ = {isa = PBXFileReference; lastKnownFileType = sourcecode.swift; path = UnlockSelectionView.swift; sourceTree = "<group>"; };
		B0D796E82C4FEC1100630156 /* GameViewModel.swift */ = {isa = PBXFileReference; lastKnownFileType = sourcecode.swift; path = GameViewModel.swift; sourceTree = "<group>"; };
		B0D796EA2C4FEC8A00630156 /* UnlockSelectionViewModel.swift */ = {isa = PBXFileReference; lastKnownFileType = sourcecode.swift; path = UnlockSelectionViewModel.swift; sourceTree = "<group>"; };
		B0D796EC2C500FC600630156 /* PreviewPlayerSelectionDelegate.swift */ = {isa = PBXFileReference; lastKnownFileType = sourcecode.swift; path = PreviewPlayerSelectionDelegate.swift; sourceTree = "<group>"; };
		B0D796EE2C500FF800630156 /* PreviewLevelDelegate.swift */ = {isa = PBXFileReference; lastKnownFileType = sourcecode.swift; path = PreviewLevelDelegate.swift; sourceTree = "<group>"; };
		B0FBAC842C41C3EE002FFFBA /* MathForMerl.app */ = {isa = PBXFileReference; explicitFileType = wrapper.application; includeInIndex = 0; path = MathForMerl.app; sourceTree = BUILT_PRODUCTS_DIR; };
		B0FBAC872C41C3EE002FFFBA /* MathForMerlApp.swift */ = {isa = PBXFileReference; lastKnownFileType = sourcecode.swift; path = MathForMerlApp.swift; sourceTree = "<group>"; };
		B0FBAC892C41C3EE002FFFBA /* GameView.swift */ = {isa = PBXFileReference; lastKnownFileType = sourcecode.swift; path = GameView.swift; sourceTree = "<group>"; };
		B0FBAC8B2C41C3F0002FFFBA /* Assets.xcassets */ = {isa = PBXFileReference; lastKnownFileType = folder.assetcatalog; path = Assets.xcassets; sourceTree = "<group>"; };
		B0FBAC8E2C41C3F0002FFFBA /* Preview Assets.xcassets */ = {isa = PBXFileReference; lastKnownFileType = folder.assetcatalog; path = "Preview Assets.xcassets"; sourceTree = "<group>"; };
		B0FBAC942C41C3F1002FFFBA /* MathForMerlTests.xctest */ = {isa = PBXFileReference; explicitFileType = wrapper.cfbundle; includeInIndex = 0; path = MathForMerlTests.xctest; sourceTree = BUILT_PRODUCTS_DIR; };
		B0FBAC982C41C3F1002FFFBA /* MathForMerlTests.swift */ = {isa = PBXFileReference; lastKnownFileType = sourcecode.swift; path = MathForMerlTests.swift; sourceTree = "<group>"; };
		B0FBAC9E2C41C3F1002FFFBA /* MathForMerlUITests.xctest */ = {isa = PBXFileReference; explicitFileType = wrapper.cfbundle; includeInIndex = 0; path = MathForMerlUITests.xctest; sourceTree = BUILT_PRODUCTS_DIR; };
		B0FBACA22C41C3F1002FFFBA /* MathForMerlUITests.swift */ = {isa = PBXFileReference; lastKnownFileType = sourcecode.swift; path = MathForMerlUITests.swift; sourceTree = "<group>"; };
		B0FBACA42C41C3F1002FFFBA /* MathForMerlUITestsLaunchTests.swift */ = {isa = PBXFileReference; lastKnownFileType = sourcecode.swift; path = MathForMerlUITestsLaunchTests.swift; sourceTree = "<group>"; };
		B0FBAD042C46EE4F002FFFBA /* EquationView.swift */ = {isa = PBXFileReference; lastKnownFileType = sourcecode.swift; path = EquationView.swift; sourceTree = "<group>"; };
		B0FBAD062C46EF75002FFFBA /* LevelBarView.swift */ = {isa = PBXFileReference; lastKnownFileType = sourcecode.swift; path = LevelBarView.swift; sourceTree = "<group>"; };
		B0FBAD082C46F025002FFFBA /* AnswerOptionsView.swift */ = {isa = PBXFileReference; lastKnownFileType = sourcecode.swift; path = AnswerOptionsView.swift; sourceTree = "<group>"; };
		B0FBAD0A2C46F05D002FFFBA /* TermView.swift */ = {isa = PBXFileReference; lastKnownFileType = sourcecode.swift; path = TermView.swift; sourceTree = "<group>"; };
		B0FBAD112C46F38D002FFFBA /* Level.swift */ = {isa = PBXFileReference; lastKnownFileType = sourcecode.swift; path = Level.swift; sourceTree = "<group>"; };
		B0FBAD132C46F3A4002FFFBA /* Equation.swift */ = {isa = PBXFileReference; lastKnownFileType = sourcecode.swift; path = Equation.swift; sourceTree = "<group>"; };
		B0FBAD152C46F565002FFFBA /* Player.swift */ = {isa = PBXFileReference; lastKnownFileType = sourcecode.swift; path = Player.swift; sourceTree = "<group>"; };
		B0FBAD172C46F7C1002FFFBA /* EquationPart.swift */ = {isa = PBXFileReference; lastKnownFileType = sourcecode.swift; path = EquationPart.swift; sourceTree = "<group>"; };
		B0FBAD1B2C46F81B002FFFBA /* EquationOperator.swift */ = {isa = PBXFileReference; lastKnownFileType = sourcecode.swift; path = EquationOperator.swift; sourceTree = "<group>"; };
		B0FBAD1D2C46FA6B002FFFBA /* EquationSide.swift */ = {isa = PBXFileReference; lastKnownFileType = sourcecode.swift; path = EquationSide.swift; sourceTree = "<group>"; };
		B0FBAD1F2C46FEAB002FFFBA /* LevelBuilder.swift */ = {isa = PBXFileReference; lastKnownFileType = sourcecode.swift; path = LevelBuilder.swift; sourceTree = "<group>"; };
		B0FBAD222C472CB8002FFFBA /* UnlockBranchProtocol.swift */ = {isa = PBXFileReference; lastKnownFileType = sourcecode.swift; path = UnlockBranchProtocol.swift; sourceTree = "<group>"; };
		B0FBAD262C472E3D002FFFBA /* UnlockTree.swift */ = {isa = PBXFileReference; lastKnownFileType = sourcecode.swift; path = UnlockTree.swift; sourceTree = "<group>"; };
		B0FBAD282C472E77002FFFBA /* UnlockBranchTermCount.swift */ = {isa = PBXFileReference; lastKnownFileType = sourcecode.swift; path = UnlockBranchTermCount.swift; sourceTree = "<group>"; };
		B0FBAD2A2C472F8C002FFFBA /* LevelConfiguration.swift */ = {isa = PBXFileReference; lastKnownFileType = sourcecode.swift; path = LevelConfiguration.swift; sourceTree = "<group>"; };
		B0FBAD2D2C4805AC002FFFBA /* PlayerSelectionViewModel.swift */ = {isa = PBXFileReference; lastKnownFileType = sourcecode.swift; path = PlayerSelectionViewModel.swift; sourceTree = "<group>"; };
		B0FBAD2F2C4806AF002FFFBA /* PlayerSelectionView.swift */ = {isa = PBXFileReference; lastKnownFileType = sourcecode.swift; path = PlayerSelectionView.swift; sourceTree = "<group>"; };
		B0FBAD312C480B35002FFFBA /* PlayerCardView.swift */ = {isa = PBXFileReference; lastKnownFileType = sourcecode.swift; path = PlayerCardView.swift; sourceTree = "<group>"; };
		B0FBAD342C480E9B002FFFBA /* PreviewExampleBuilder.swift */ = {isa = PBXFileReference; lastKnownFileType = sourcecode.swift; path = PreviewExampleBuilder.swift; sourceTree = "<group>"; };
/* End PBXFileReference section */

/* Begin PBXFrameworksBuildPhase section */
		B0FBAC812C41C3EE002FFFBA /* Frameworks */ = {
			isa = PBXFrameworksBuildPhase;
			buildActionMask = 2147483647;
			files = (
			);
			runOnlyForDeploymentPostprocessing = 0;
		};
		B0FBAC912C41C3F1002FFFBA /* Frameworks */ = {
			isa = PBXFrameworksBuildPhase;
			buildActionMask = 2147483647;
			files = (
			);
			runOnlyForDeploymentPostprocessing = 0;
		};
		B0FBAC9B2C41C3F1002FFFBA /* Frameworks */ = {
			isa = PBXFrameworksBuildPhase;
			buildActionMask = 2147483647;
			files = (
			);
			runOnlyForDeploymentPostprocessing = 0;
		};
/* End PBXFrameworksBuildPhase section */

/* Begin PBXGroup section */
		B0C41B9C2C4ED4EB00F1E09F /* Player Selection */ = {
			isa = PBXGroup;
			children = (
				B0FBAD2F2C4806AF002FFFBA /* PlayerSelectionView.swift */,
				B0FBAD312C480B35002FFFBA /* PlayerCardView.swift */,
			);
			path = "Player Selection";
			sourceTree = "<group>";
		};
		B0C41B9D2C4ED51400F1E09F /* Level */ = {
			isa = PBXGroup;
			children = (
				B0C41B2A2C4814B300F1E09F /* LevelView.swift */,
				B0C41B9F2C4ED55C00F1E09F /* ProgressBar */,
				B0C41B9E2C4ED53200F1E09F /* Equation */,
				B0FBAD082C46F025002FFFBA /* AnswerOptionsView.swift */,
			);
			path = Level;
			sourceTree = "<group>";
		};
		B0C41B9E2C4ED53200F1E09F /* Equation */ = {
			isa = PBXGroup;
			children = (
				B0FBAD042C46EE4F002FFFBA /* EquationView.swift */,
				B0C41B302C48452900F1E09F /* EquationPartView.swift */,
				B0C41B322C484D0F00F1E09F /* EquationSideView.swift */,
				B0C41B342C4858A700F1E09F /* OperatorView.swift */,
				B0FBAD0A2C46F05D002FFFBA /* TermView.swift */,
			);
			path = Equation;
			sourceTree = "<group>";
		};
		B0C41B9F2C4ED55C00F1E09F /* ProgressBar */ = {
			isa = PBXGroup;
			children = (
				B0FBAD062C46EF75002FFFBA /* LevelBarView.swift */,
			);
			path = ProgressBar;
			sourceTree = "<group>";
		};
		B0D796E42C4F2CF700630156 /* Unlocks */ = {
			isa = PBXGroup;
			children = (
				B0D796BE2C4EDE4D00630156 /* UnlockSelectionView.swift */,
				B0C130E22C54203500C88800 /* UnlockCardView.swift */,
				B0C130E42C5426D000C88800 /* UnlockSelectionBackgroundView.swift */,
			);
			path = Unlocks;
			sourceTree = "<group>";
		};
		B0FBAC7B2C41C3EE002FFFBA = {
			isa = PBXGroup;
			children = (
				B0FBAC862C41C3EE002FFFBA /* MathForMerl */,
				B0FBAC972C41C3F1002FFFBA /* MathForMerlTests */,
				B0FBACA12C41C3F1002FFFBA /* MathForMerlUITests */,
				B0FBAC852C41C3EE002FFFBA /* Products */,
			);
			sourceTree = "<group>";
		};
		B0FBAC852C41C3EE002FFFBA /* Products */ = {
			isa = PBXGroup;
			children = (
				B0FBAC842C41C3EE002FFFBA /* MathForMerl.app */,
				B0FBAC942C41C3F1002FFFBA /* MathForMerlTests.xctest */,
				B0FBAC9E2C41C3F1002FFFBA /* MathForMerlUITests.xctest */,
			);
			name = Products;
			sourceTree = "<group>";
		};
		B0FBAC862C41C3EE002FFFBA /* MathForMerl */ = {
			isa = PBXGroup;
			children = (
				B0FBAD0E2C46F366002FFFBA /* Data */,
				B0FBAD0D2C46F352002FFFBA /* Domain */,
				B0FBAD0C2C46F33B002FFFBA /* Presentation */,
				B0FBAD332C480E62002FFFBA /* Preview */,
				B0FBAC872C41C3EE002FFFBA /* MathForMerlApp.swift */,
				B0FBAC8B2C41C3F0002FFFBA /* Assets.xcassets */,
				B0FBAC8D2C41C3F0002FFFBA /* Preview Content */,
			);
			path = MathForMerl;
			sourceTree = "<group>";
		};
		B0FBAC8D2C41C3F0002FFFBA /* Preview Content */ = {
			isa = PBXGroup;
			children = (
				B0FBAC8E2C41C3F0002FFFBA /* Preview Assets.xcassets */,
			);
			path = "Preview Content";
			sourceTree = "<group>";
		};
		B0FBAC972C41C3F1002FFFBA /* MathForMerlTests */ = {
			isa = PBXGroup;
			children = (
				B0FBAC982C41C3F1002FFFBA /* MathForMerlTests.swift */,
			);
			path = MathForMerlTests;
			sourceTree = "<group>";
		};
		B0FBACA12C41C3F1002FFFBA /* MathForMerlUITests */ = {
			isa = PBXGroup;
			children = (
				B0FBACA22C41C3F1002FFFBA /* MathForMerlUITests.swift */,
				B0FBACA42C41C3F1002FFFBA /* MathForMerlUITestsLaunchTests.swift */,
			);
			path = MathForMerlUITests;
			sourceTree = "<group>";
		};
		B0FBAD032C46EDCA002FFFBA /* Views */ = {
			isa = PBXGroup;
			children = (
				B0FBAC892C41C3EE002FFFBA /* GameView.swift */,
				B0C41B9D2C4ED51400F1E09F /* Level */,
				B0C41B9C2C4ED4EB00F1E09F /* Player Selection */,
				B0D796E42C4F2CF700630156 /* Unlocks */,
			);
			path = Views;
			sourceTree = "<group>";
		};
		B0FBAD0C2C46F33B002FFFBA /* Presentation */ = {
			isa = PBXGroup;
			children = (
				B0FBAD2C2C48058D002FFFBA /* ViewModels */,
				B0FBAD032C46EDCA002FFFBA /* Views */,
			);
			path = Presentation;
			sourceTree = "<group>";
		};
		B0FBAD0D2C46F352002FFFBA /* Domain */ = {
			isa = PBXGroup;
			children = (
				B0FBAD212C472C13002FFFBA /* Protocols */,
				B0FBAD252C472E10002FFFBA /* Unlocks */,
				B0FBAD242C472DE9002FFFBA /* Equations */,
				B0FBAD112C46F38D002FFFBA /* Level.swift */,
				B0FBAD152C46F565002FFFBA /* Player.swift */,
				B0FBAD1F2C46FEAB002FFFBA /* LevelBuilder.swift */,
				B0FBAD2A2C472F8C002FFFBA /* LevelConfiguration.swift */,
				B0C41B2E2C481AB400F1E09F /* PlayerManager.swift */,
				B0C41B362C487E0600F1E09F /* AnswerOptions.swift */,
			);
			path = Domain;
			sourceTree = "<group>";
		};
		B0FBAD0E2C46F366002FFFBA /* Data */ = {
			isa = PBXGroup;
			children = (
			);
			path = Data;
			sourceTree = "<group>";
		};
		B0FBAD212C472C13002FFFBA /* Protocols */ = {
			isa = PBXGroup;
			children = (
				B0FBAD222C472CB8002FFFBA /* UnlockBranchProtocol.swift */,
			);
			path = Protocols;
			sourceTree = "<group>";
		};
		B0FBAD242C472DE9002FFFBA /* Equations */ = {
			isa = PBXGroup;
			children = (
				B0FBAD132C46F3A4002FFFBA /* Equation.swift */,
				B0FBAD172C46F7C1002FFFBA /* EquationPart.swift */,
				B0FBAD1B2C46F81B002FFFBA /* EquationOperator.swift */,
				B0FBAD1D2C46FA6B002FFFBA /* EquationSide.swift */,
			);
			path = Equations;
			sourceTree = "<group>";
		};
		B0FBAD252C472E10002FFFBA /* Unlocks */ = {
			isa = PBXGroup;
			children = (
				B0FBAD262C472E3D002FFFBA /* UnlockTree.swift */,
				B0FBAD282C472E77002FFFBA /* UnlockBranchTermCount.swift */,
				B0C1308A2C51917400C88800 /* UnlockTreeBuilder.swift */,
			);
			path = Unlocks;
			sourceTree = "<group>";
		};
		B0FBAD2C2C48058D002FFFBA /* ViewModels */ = {
			isa = PBXGroup;
			children = (
				B0D796E82C4FEC1100630156 /* GameViewModel.swift */,
				B0FBAD2D2C4805AC002FFFBA /* PlayerSelectionViewModel.swift */,
				B0C41B2C2C4815D100F1E09F /* LevelViewModel.swift */,
				B0D796EA2C4FEC8A00630156 /* UnlockSelectionViewModel.swift */,
			);
			path = ViewModels;
			sourceTree = "<group>";
		};
		B0FBAD332C480E62002FFFBA /* Preview */ = {
			isa = PBXGroup;
			children = (
				B0FBAD342C480E9B002FFFBA /* PreviewExampleBuilder.swift */,
				B0D796EC2C500FC600630156 /* PreviewPlayerSelectionDelegate.swift */,
				B0D796EE2C500FF800630156 /* PreviewLevelDelegate.swift */,
				B0C130E62C542B5000C88800 /* PreviewUnlockDelegate.swift */,
			);
			path = Preview;
			sourceTree = "<group>";
		};
/* End PBXGroup section */

/* Begin PBXNativeTarget section */
		B0FBAC832C41C3EE002FFFBA /* MathForMerl */ = {
			isa = PBXNativeTarget;
			buildConfigurationList = B0FBACA82C41C3F1002FFFBA /* Build configuration list for PBXNativeTarget "MathForMerl" */;
			buildPhases = (
				B0FBAC802C41C3EE002FFFBA /* Sources */,
				B0FBAC812C41C3EE002FFFBA /* Frameworks */,
				B0FBAC822C41C3EE002FFFBA /* Resources */,
			);
			buildRules = (
			);
			dependencies = (
			);
			name = MathForMerl;
			productName = MathForMerl;
			productReference = B0FBAC842C41C3EE002FFFBA /* MathForMerl.app */;
			productType = "com.apple.product-type.application";
		};
		B0FBAC932C41C3F1002FFFBA /* MathForMerlTests */ = {
			isa = PBXNativeTarget;
			buildConfigurationList = B0FBACAB2C41C3F1002FFFBA /* Build configuration list for PBXNativeTarget "MathForMerlTests" */;
			buildPhases = (
				B0FBAC902C41C3F1002FFFBA /* Sources */,
				B0FBAC912C41C3F1002FFFBA /* Frameworks */,
				B0FBAC922C41C3F1002FFFBA /* Resources */,
			);
			buildRules = (
			);
			dependencies = (
				B0FBAC962C41C3F1002FFFBA /* PBXTargetDependency */,
			);
			name = MathForMerlTests;
			productName = MathForMerlTests;
			productReference = B0FBAC942C41C3F1002FFFBA /* MathForMerlTests.xctest */;
			productType = "com.apple.product-type.bundle.unit-test";
		};
		B0FBAC9D2C41C3F1002FFFBA /* MathForMerlUITests */ = {
			isa = PBXNativeTarget;
			buildConfigurationList = B0FBACAE2C41C3F1002FFFBA /* Build configuration list for PBXNativeTarget "MathForMerlUITests" */;
			buildPhases = (
				B0FBAC9A2C41C3F1002FFFBA /* Sources */,
				B0FBAC9B2C41C3F1002FFFBA /* Frameworks */,
				B0FBAC9C2C41C3F1002FFFBA /* Resources */,
			);
			buildRules = (
			);
			dependencies = (
				B0FBACA02C41C3F1002FFFBA /* PBXTargetDependency */,
			);
			name = MathForMerlUITests;
			productName = MathForMerlUITests;
			productReference = B0FBAC9E2C41C3F1002FFFBA /* MathForMerlUITests.xctest */;
			productType = "com.apple.product-type.bundle.ui-testing";
		};
/* End PBXNativeTarget section */

/* Begin PBXProject section */
		B0FBAC7C2C41C3EE002FFFBA /* Project object */ = {
			isa = PBXProject;
			attributes = {
				BuildIndependentTargetsInParallel = 1;
				LastSwiftUpdateCheck = 1540;
				LastUpgradeCheck = 1540;
				TargetAttributes = {
					B0FBAC832C41C3EE002FFFBA = {
						CreatedOnToolsVersion = 15.4;
					};
					B0FBAC932C41C3F1002FFFBA = {
						CreatedOnToolsVersion = 15.4;
						TestTargetID = B0FBAC832C41C3EE002FFFBA;
					};
					B0FBAC9D2C41C3F1002FFFBA = {
						CreatedOnToolsVersion = 15.4;
						TestTargetID = B0FBAC832C41C3EE002FFFBA;
					};
				};
			};
			buildConfigurationList = B0FBAC7F2C41C3EE002FFFBA /* Build configuration list for PBXProject "MathForMerl" */;
			compatibilityVersion = "Xcode 14.0";
			developmentRegion = en;
			hasScannedForEncodings = 0;
			knownRegions = (
				en,
				Base,
			);
			mainGroup = B0FBAC7B2C41C3EE002FFFBA;
			productRefGroup = B0FBAC852C41C3EE002FFFBA /* Products */;
			projectDirPath = "";
			projectRoot = "";
			targets = (
				B0FBAC832C41C3EE002FFFBA /* MathForMerl */,
				B0FBAC932C41C3F1002FFFBA /* MathForMerlTests */,
				B0FBAC9D2C41C3F1002FFFBA /* MathForMerlUITests */,
			);
		};
/* End PBXProject section */

/* Begin PBXResourcesBuildPhase section */
		B0FBAC822C41C3EE002FFFBA /* Resources */ = {
			isa = PBXResourcesBuildPhase;
			buildActionMask = 2147483647;
			files = (
				B0FBAC8F2C41C3F0002FFFBA /* Preview Assets.xcassets in Resources */,
				B0FBAC8C2C41C3F0002FFFBA /* Assets.xcassets in Resources */,
			);
			runOnlyForDeploymentPostprocessing = 0;
		};
		B0FBAC922C41C3F1002FFFBA /* Resources */ = {
			isa = PBXResourcesBuildPhase;
			buildActionMask = 2147483647;
			files = (
			);
			runOnlyForDeploymentPostprocessing = 0;
		};
		B0FBAC9C2C41C3F1002FFFBA /* Resources */ = {
			isa = PBXResourcesBuildPhase;
			buildActionMask = 2147483647;
			files = (
			);
			runOnlyForDeploymentPostprocessing = 0;
		};
/* End PBXResourcesBuildPhase section */

/* Begin PBXSourcesBuildPhase section */
		B0FBAC802C41C3EE002FFFBA /* Sources */ = {
			isa = PBXSourcesBuildPhase;
			buildActionMask = 2147483647;
			files = (
				B0FBAD292C472E77002FFFBA /* UnlockBranchTermCount.swift in Sources */,
				B0FBAD202C46FEAB002FFFBA /* LevelBuilder.swift in Sources */,
				B0FBAC8A2C41C3EE002FFFBA /* GameView.swift in Sources */,
				B0C130E52C5426D000C88800 /* UnlockSelectionBackgroundView.swift in Sources */,
				B0FBAD322C480B35002FFFBA /* PlayerCardView.swift in Sources */,
				B0FBAD072C46EF75002FFFBA /* LevelBarView.swift in Sources */,
				B0FBAD142C46F3A4002FFFBA /* Equation.swift in Sources */,
				B0FBAD1C2C46F81B002FFFBA /* EquationOperator.swift in Sources */,
				B0D796E92C4FEC1100630156 /* GameViewModel.swift in Sources */,
				B0FBAD272C472E3D002FFFBA /* UnlockTree.swift in Sources */,
				B0FBAD182C46F7C1002FFFBA /* EquationPart.swift in Sources */,
				B0C130E32C54203500C88800 /* UnlockCardView.swift in Sources */,
				B0FBAD0B2C46F05D002FFFBA /* TermView.swift in Sources */,
				B0C41B332C484D0F00F1E09F /* EquationSideView.swift in Sources */,
				B0C41B2D2C4815D100F1E09F /* LevelViewModel.swift in Sources */,
				B0C130E72C542B5000C88800 /* PreviewUnlockDelegate.swift in Sources */,
				B0FBAD052C46EE4F002FFFBA /* EquationView.swift in Sources */,
				B0C41B2B2C4814B300F1E09F /* LevelView.swift in Sources */,
				B0C41B2F2C481AB400F1E09F /* PlayerManager.swift in Sources */,
				B0FBAD232C472CB8002FFFBA /* UnlockBranchProtocol.swift in Sources */,
				B0FBAC882C41C3EE002FFFBA /* MathForMerlApp.swift in Sources */,
				B0FBAD122C46F38D002FFFBA /* Level.swift in Sources */,
				B0FBAD162C46F565002FFFBA /* Player.swift in Sources */,
				B0FBAD2E2C4805AC002FFFBA /* PlayerSelectionViewModel.swift in Sources */,
				B0FBAD352C480E9B002FFFBA /* PreviewExampleBuilder.swift in Sources */,
				B0C41B312C48452900F1E09F /* EquationPartView.swift in Sources */,
				B0FBAD302C4806AF002FFFBA /* PlayerSelectionView.swift in Sources */,
				B0D796EF2C500FF800630156 /* PreviewLevelDelegate.swift in Sources */,
				B0FBAD1E2C46FA6B002FFFBA /* EquationSide.swift in Sources */,
				B0D796BF2C4EDE4D00630156 /* UnlockSelectionView.swift in Sources */,
				B0C1308B2C51917400C88800 /* UnlockTreeBuilder.swift in Sources */,
				B0FBAD092C46F025002FFFBA /* AnswerOptionsView.swift in Sources */,
				B0D796EB2C4FEC8A00630156 /* UnlockSelectionViewModel.swift in Sources */,
				B0FBAD2B2C472F8C002FFFBA /* LevelConfiguration.swift in Sources */,
				B0C41B352C4858A700F1E09F /* OperatorView.swift in Sources */,
				B0C41B372C487E0600F1E09F /* AnswerOptions.swift in Sources */,
				B0D796ED2C500FC600630156 /* PreviewPlayerSelectionDelegate.swift in Sources */,
			);
			runOnlyForDeploymentPostprocessing = 0;
		};
		B0FBAC902C41C3F1002FFFBA /* Sources */ = {
			isa = PBXSourcesBuildPhase;
			buildActionMask = 2147483647;
			files = (
				B0FBAC992C41C3F1002FFFBA /* MathForMerlTests.swift in Sources */,
			);
			runOnlyForDeploymentPostprocessing = 0;
		};
		B0FBAC9A2C41C3F1002FFFBA /* Sources */ = {
			isa = PBXSourcesBuildPhase;
			buildActionMask = 2147483647;
			files = (
				B0FBACA52C41C3F1002FFFBA /* MathForMerlUITestsLaunchTests.swift in Sources */,
				B0FBACA32C41C3F1002FFFBA /* MathForMerlUITests.swift in Sources */,
			);
			runOnlyForDeploymentPostprocessing = 0;
		};
/* End PBXSourcesBuildPhase section */

/* Begin PBXTargetDependency section */
		B0FBAC962C41C3F1002FFFBA /* PBXTargetDependency */ = {
			isa = PBXTargetDependency;
			target = B0FBAC832C41C3EE002FFFBA /* MathForMerl */;
			targetProxy = B0FBAC952C41C3F1002FFFBA /* PBXContainerItemProxy */;
		};
		B0FBACA02C41C3F1002FFFBA /* PBXTargetDependency */ = {
			isa = PBXTargetDependency;
			target = B0FBAC832C41C3EE002FFFBA /* MathForMerl */;
			targetProxy = B0FBAC9F2C41C3F1002FFFBA /* PBXContainerItemProxy */;
		};
/* End PBXTargetDependency section */

/* Begin XCBuildConfiguration section */
		B0FBACA62C41C3F1002FFFBA /* Debug */ = {
			isa = XCBuildConfiguration;
			buildSettings = {
				ALWAYS_SEARCH_USER_PATHS = NO;
				ASSETCATALOG_COMPILER_GENERATE_SWIFT_ASSET_SYMBOL_EXTENSIONS = YES;
				CLANG_ANALYZER_NONNULL = YES;
				CLANG_ANALYZER_NUMBER_OBJECT_CONVERSION = YES_AGGRESSIVE;
				CLANG_CXX_LANGUAGE_STANDARD = "gnu++20";
				CLANG_ENABLE_MODULES = YES;
				CLANG_ENABLE_OBJC_ARC = YES;
				CLANG_ENABLE_OBJC_WEAK = YES;
				CLANG_WARN_BLOCK_CAPTURE_AUTORELEASING = YES;
				CLANG_WARN_BOOL_CONVERSION = YES;
				CLANG_WARN_COMMA = YES;
				CLANG_WARN_CONSTANT_CONVERSION = YES;
				CLANG_WARN_DEPRECATED_OBJC_IMPLEMENTATIONS = YES;
				CLANG_WARN_DIRECT_OBJC_ISA_USAGE = YES_ERROR;
				CLANG_WARN_DOCUMENTATION_COMMENTS = YES;
				CLANG_WARN_EMPTY_BODY = YES;
				CLANG_WARN_ENUM_CONVERSION = YES;
				CLANG_WARN_INFINITE_RECURSION = YES;
				CLANG_WARN_INT_CONVERSION = YES;
				CLANG_WARN_NON_LITERAL_NULL_CONVERSION = YES;
				CLANG_WARN_OBJC_IMPLICIT_RETAIN_SELF = YES;
				CLANG_WARN_OBJC_LITERAL_CONVERSION = YES;
				CLANG_WARN_OBJC_ROOT_CLASS = YES_ERROR;
				CLANG_WARN_QUOTED_INCLUDE_IN_FRAMEWORK_HEADER = YES;
				CLANG_WARN_RANGE_LOOP_ANALYSIS = YES;
				CLANG_WARN_STRICT_PROTOTYPES = YES;
				CLANG_WARN_SUSPICIOUS_MOVE = YES;
				CLANG_WARN_UNGUARDED_AVAILABILITY = YES_AGGRESSIVE;
				CLANG_WARN_UNREACHABLE_CODE = YES;
				CLANG_WARN__DUPLICATE_METHOD_MATCH = YES;
				COPY_PHASE_STRIP = NO;
				DEBUG_INFORMATION_FORMAT = dwarf;
				ENABLE_STRICT_OBJC_MSGSEND = YES;
				ENABLE_TESTABILITY = YES;
				ENABLE_USER_SCRIPT_SANDBOXING = YES;
				GCC_C_LANGUAGE_STANDARD = gnu17;
				GCC_DYNAMIC_NO_PIC = NO;
				GCC_NO_COMMON_BLOCKS = YES;
				GCC_OPTIMIZATION_LEVEL = 0;
				GCC_PREPROCESSOR_DEFINITIONS = (
					"DEBUG=1",
					"$(inherited)",
				);
				GCC_WARN_64_TO_32_BIT_CONVERSION = YES;
				GCC_WARN_ABOUT_RETURN_TYPE = YES_ERROR;
				GCC_WARN_UNDECLARED_SELECTOR = YES;
				GCC_WARN_UNINITIALIZED_AUTOS = YES_AGGRESSIVE;
				GCC_WARN_UNUSED_FUNCTION = YES;
				GCC_WARN_UNUSED_VARIABLE = YES;
				IPHONEOS_DEPLOYMENT_TARGET = 17.5;
				LOCALIZATION_PREFERS_STRING_CATALOGS = YES;
				MTL_ENABLE_DEBUG_INFO = INCLUDE_SOURCE;
				MTL_FAST_MATH = YES;
				ONLY_ACTIVE_ARCH = YES;
				SDKROOT = iphoneos;
				SWIFT_ACTIVE_COMPILATION_CONDITIONS = "DEBUG $(inherited)";
				SWIFT_OPTIMIZATION_LEVEL = "-Onone";
			};
			name = Debug;
		};
		B0FBACA72C41C3F1002FFFBA /* Release */ = {
			isa = XCBuildConfiguration;
			buildSettings = {
				ALWAYS_SEARCH_USER_PATHS = NO;
				ASSETCATALOG_COMPILER_GENERATE_SWIFT_ASSET_SYMBOL_EXTENSIONS = YES;
				CLANG_ANALYZER_NONNULL = YES;
				CLANG_ANALYZER_NUMBER_OBJECT_CONVERSION = YES_AGGRESSIVE;
				CLANG_CXX_LANGUAGE_STANDARD = "gnu++20";
				CLANG_ENABLE_MODULES = YES;
				CLANG_ENABLE_OBJC_ARC = YES;
				CLANG_ENABLE_OBJC_WEAK = YES;
				CLANG_WARN_BLOCK_CAPTURE_AUTORELEASING = YES;
				CLANG_WARN_BOOL_CONVERSION = YES;
				CLANG_WARN_COMMA = YES;
				CLANG_WARN_CONSTANT_CONVERSION = YES;
				CLANG_WARN_DEPRECATED_OBJC_IMPLEMENTATIONS = YES;
				CLANG_WARN_DIRECT_OBJC_ISA_USAGE = YES_ERROR;
				CLANG_WARN_DOCUMENTATION_COMMENTS = YES;
				CLANG_WARN_EMPTY_BODY = YES;
				CLANG_WARN_ENUM_CONVERSION = YES;
				CLANG_WARN_INFINITE_RECURSION = YES;
				CLANG_WARN_INT_CONVERSION = YES;
				CLANG_WARN_NON_LITERAL_NULL_CONVERSION = YES;
				CLANG_WARN_OBJC_IMPLICIT_RETAIN_SELF = YES;
				CLANG_WARN_OBJC_LITERAL_CONVERSION = YES;
				CLANG_WARN_OBJC_ROOT_CLASS = YES_ERROR;
				CLANG_WARN_QUOTED_INCLUDE_IN_FRAMEWORK_HEADER = YES;
				CLANG_WARN_RANGE_LOOP_ANALYSIS = YES;
				CLANG_WARN_STRICT_PROTOTYPES = YES;
				CLANG_WARN_SUSPICIOUS_MOVE = YES;
				CLANG_WARN_UNGUARDED_AVAILABILITY = YES_AGGRESSIVE;
				CLANG_WARN_UNREACHABLE_CODE = YES;
				CLANG_WARN__DUPLICATE_METHOD_MATCH = YES;
				COPY_PHASE_STRIP = NO;
				DEBUG_INFORMATION_FORMAT = "dwarf-with-dsym";
				ENABLE_NS_ASSERTIONS = NO;
				ENABLE_STRICT_OBJC_MSGSEND = YES;
				ENABLE_USER_SCRIPT_SANDBOXING = YES;
				GCC_C_LANGUAGE_STANDARD = gnu17;
				GCC_NO_COMMON_BLOCKS = YES;
				GCC_WARN_64_TO_32_BIT_CONVERSION = YES;
				GCC_WARN_ABOUT_RETURN_TYPE = YES_ERROR;
				GCC_WARN_UNDECLARED_SELECTOR = YES;
				GCC_WARN_UNINITIALIZED_AUTOS = YES_AGGRESSIVE;
				GCC_WARN_UNUSED_FUNCTION = YES;
				GCC_WARN_UNUSED_VARIABLE = YES;
				IPHONEOS_DEPLOYMENT_TARGET = 17.5;
				LOCALIZATION_PREFERS_STRING_CATALOGS = YES;
				MTL_ENABLE_DEBUG_INFO = NO;
				MTL_FAST_MATH = YES;
				SDKROOT = iphoneos;
				SWIFT_COMPILATION_MODE = wholemodule;
				VALIDATE_PRODUCT = YES;
			};
			name = Release;
		};
		B0FBACA92C41C3F1002FFFBA /* Debug */ = {
			isa = XCBuildConfiguration;
			buildSettings = {
				ASSETCATALOG_COMPILER_APPICON_NAME = AppIcon;
				ASSETCATALOG_COMPILER_GLOBAL_ACCENT_COLOR_NAME = AccentColor;
				CODE_SIGN_STYLE = Automatic;
				CURRENT_PROJECT_VERSION = 1;
				DEVELOPMENT_ASSET_PATHS = "\"MathForMerl/Preview Content\"";
				DEVELOPMENT_TEAM = A32G58NZ3G;
				ENABLE_PREVIEWS = YES;
				GENERATE_INFOPLIST_FILE = YES;
				INFOPLIST_KEY_UIApplicationSceneManifest_Generation = YES;
				INFOPLIST_KEY_UIApplicationSupportsIndirectInputEvents = YES;
				INFOPLIST_KEY_UILaunchScreen_Generation = YES;
				INFOPLIST_KEY_UISupportedInterfaceOrientations = "UIInterfaceOrientationLandscapeLeft UIInterfaceOrientationLandscapeRight UIInterfaceOrientationPortrait";
				INFOPLIST_KEY_UISupportedInterfaceOrientations_iPad = "UIInterfaceOrientationLandscapeLeft UIInterfaceOrientationLandscapeRight";
				LD_RUNPATH_SEARCH_PATHS = (
					"$(inherited)",
					"@executable_path/Frameworks",
				);
				MARKETING_VERSION = 1.0;
				PRODUCT_BUNDLE_IDENTIFIER = com.ericasampson.MathForMerl;
				PRODUCT_NAME = "$(TARGET_NAME)";
				SUPPORTED_PLATFORMS = "iphoneos iphonesimulator";
				SUPPORTS_MACCATALYST = NO;
				SWIFT_EMIT_LOC_STRINGS = YES;
				SWIFT_VERSION = 5.0;
				TARGETED_DEVICE_FAMILY = 2;
			};
			name = Debug;
		};
		B0FBACAA2C41C3F1002FFFBA /* Release */ = {
			isa = XCBuildConfiguration;
			buildSettings = {
				ASSETCATALOG_COMPILER_APPICON_NAME = AppIcon;
				ASSETCATALOG_COMPILER_GLOBAL_ACCENT_COLOR_NAME = AccentColor;
				CODE_SIGN_STYLE = Automatic;
				CURRENT_PROJECT_VERSION = 1;
				DEVELOPMENT_ASSET_PATHS = "\"MathForMerl/Preview Content\"";
				DEVELOPMENT_TEAM = A32G58NZ3G;
				ENABLE_PREVIEWS = YES;
				GENERATE_INFOPLIST_FILE = YES;
				INFOPLIST_KEY_UIApplicationSceneManifest_Generation = YES;
				INFOPLIST_KEY_UIApplicationSupportsIndirectInputEvents = YES;
				INFOPLIST_KEY_UILaunchScreen_Generation = YES;
				INFOPLIST_KEY_UISupportedInterfaceOrientations = "UIInterfaceOrientationLandscapeLeft UIInterfaceOrientationLandscapeRight UIInterfaceOrientationPortrait";
				INFOPLIST_KEY_UISupportedInterfaceOrientations_iPad = "UIInterfaceOrientationLandscapeLeft UIInterfaceOrientationLandscapeRight";
				LD_RUNPATH_SEARCH_PATHS = (
					"$(inherited)",
					"@executable_path/Frameworks",
				);
				MARKETING_VERSION = 1.0;
				PRODUCT_BUNDLE_IDENTIFIER = com.ericasampson.MathForMerl;
				PRODUCT_NAME = "$(TARGET_NAME)";
				SUPPORTED_PLATFORMS = "iphoneos iphonesimulator";
				SUPPORTS_MACCATALYST = NO;
				SWIFT_EMIT_LOC_STRINGS = YES;
				SWIFT_VERSION = 5.0;
				TARGETED_DEVICE_FAMILY = 2;
			};
			name = Release;
		};
		B0FBACAC2C41C3F1002FFFBA /* Debug */ = {
			isa = XCBuildConfiguration;
			buildSettings = {
				ALWAYS_EMBED_SWIFT_STANDARD_LIBRARIES = YES;
				BUNDLE_LOADER = "$(TEST_HOST)";
				CODE_SIGN_STYLE = Automatic;
				CURRENT_PROJECT_VERSION = 1;
				DEVELOPMENT_TEAM = A32G58NZ3G;
				GENERATE_INFOPLIST_FILE = YES;
				IPHONEOS_DEPLOYMENT_TARGET = 17.5;
				MARKETING_VERSION = 1.0;
				PRODUCT_BUNDLE_IDENTIFIER = com.ericasampson.MathForMerlTests;
				PRODUCT_NAME = "$(TARGET_NAME)";
				SWIFT_EMIT_LOC_STRINGS = NO;
				SWIFT_VERSION = 5.0;
				TARGETED_DEVICE_FAMILY = "1,2";
				TEST_HOST = "$(BUILT_PRODUCTS_DIR)/MathForMerl.app/$(BUNDLE_EXECUTABLE_FOLDER_PATH)/MathForMerl";
			};
			name = Debug;
		};
		B0FBACAD2C41C3F1002FFFBA /* Release */ = {
			isa = XCBuildConfiguration;
			buildSettings = {
				ALWAYS_EMBED_SWIFT_STANDARD_LIBRARIES = YES;
				BUNDLE_LOADER = "$(TEST_HOST)";
				CODE_SIGN_STYLE = Automatic;
				CURRENT_PROJECT_VERSION = 1;
				DEVELOPMENT_TEAM = A32G58NZ3G;
				GENERATE_INFOPLIST_FILE = YES;
				IPHONEOS_DEPLOYMENT_TARGET = 17.5;
				MARKETING_VERSION = 1.0;
				PRODUCT_BUNDLE_IDENTIFIER = com.ericasampson.MathForMerlTests;
				PRODUCT_NAME = "$(TARGET_NAME)";
				SWIFT_EMIT_LOC_STRINGS = NO;
				SWIFT_VERSION = 5.0;
				TARGETED_DEVICE_FAMILY = "1,2";
				TEST_HOST = "$(BUILT_PRODUCTS_DIR)/MathForMerl.app/$(BUNDLE_EXECUTABLE_FOLDER_PATH)/MathForMerl";
			};
			name = Release;
		};
		B0FBACAF2C41C3F1002FFFBA /* Debug */ = {
			isa = XCBuildConfiguration;
			buildSettings = {
				ALWAYS_EMBED_SWIFT_STANDARD_LIBRARIES = YES;
				CODE_SIGN_STYLE = Automatic;
				CURRENT_PROJECT_VERSION = 1;
				DEVELOPMENT_TEAM = A32G58NZ3G;
				GENERATE_INFOPLIST_FILE = YES;
				MARKETING_VERSION = 1.0;
				PRODUCT_BUNDLE_IDENTIFIER = com.ericasampson.MathForMerlUITests;
				PRODUCT_NAME = "$(TARGET_NAME)";
				SWIFT_EMIT_LOC_STRINGS = NO;
				SWIFT_VERSION = 5.0;
				TARGETED_DEVICE_FAMILY = "1,2";
				TEST_TARGET_NAME = MathForMerl;
			};
			name = Debug;
		};
		B0FBACB02C41C3F1002FFFBA /* Release */ = {
			isa = XCBuildConfiguration;
			buildSettings = {
				ALWAYS_EMBED_SWIFT_STANDARD_LIBRARIES = YES;
				CODE_SIGN_STYLE = Automatic;
				CURRENT_PROJECT_VERSION = 1;
				DEVELOPMENT_TEAM = A32G58NZ3G;
				GENERATE_INFOPLIST_FILE = YES;
				MARKETING_VERSION = 1.0;
				PRODUCT_BUNDLE_IDENTIFIER = com.ericasampson.MathForMerlUITests;
				PRODUCT_NAME = "$(TARGET_NAME)";
				SWIFT_EMIT_LOC_STRINGS = NO;
				SWIFT_VERSION = 5.0;
				TARGETED_DEVICE_FAMILY = "1,2";
				TEST_TARGET_NAME = MathForMerl;
			};
			name = Release;
		};
/* End XCBuildConfiguration section */

/* Begin XCConfigurationList section */
		B0FBAC7F2C41C3EE002FFFBA /* Build configuration list for PBXProject "MathForMerl" */ = {
			isa = XCConfigurationList;
			buildConfigurations = (
				B0FBACA62C41C3F1002FFFBA /* Debug */,
				B0FBACA72C41C3F1002FFFBA /* Release */,
			);
			defaultConfigurationIsVisible = 0;
			defaultConfigurationName = Release;
		};
		B0FBACA82C41C3F1002FFFBA /* Build configuration list for PBXNativeTarget "MathForMerl" */ = {
			isa = XCConfigurationList;
			buildConfigurations = (
				B0FBACA92C41C3F1002FFFBA /* Debug */,
				B0FBACAA2C41C3F1002FFFBA /* Release */,
			);
			defaultConfigurationIsVisible = 0;
			defaultConfigurationName = Release;
		};
		B0FBACAB2C41C3F1002FFFBA /* Build configuration list for PBXNativeTarget "MathForMerlTests" */ = {
			isa = XCConfigurationList;
			buildConfigurations = (
				B0FBACAC2C41C3F1002FFFBA /* Debug */,
				B0FBACAD2C41C3F1002FFFBA /* Release */,
			);
			defaultConfigurationIsVisible = 0;
			defaultConfigurationName = Release;
		};
		B0FBACAE2C41C3F1002FFFBA /* Build configuration list for PBXNativeTarget "MathForMerlUITests" */ = {
			isa = XCConfigurationList;
			buildConfigurations = (
				B0FBACAF2C41C3F1002FFFBA /* Debug */,
				B0FBACB02C41C3F1002FFFBA /* Release */,
			);
			defaultConfigurationIsVisible = 0;
			defaultConfigurationName = Release;
		};
/* End XCConfigurationList section */
	};
	rootObject = B0FBAC7C2C41C3EE002FFFBA /* Project object */;
}
